// !$*UTF8*$!
{
	archiveVersion = 1;
	classes = {
	};
	objectVersion = 46;
	objects = {

/* Begin PBXBuildFile section */
		06A921701E7D538E001BDFF2 /* AppDelegate.swift in Sources */ = {isa = PBXBuildFile; fileRef = 06A9216F1E7D538E001BDFF2 /* AppDelegate.swift */; };
		06A921911E7D561E001BDFF2 /* FeedViewController.swift in Sources */ = {isa = PBXBuildFile; fileRef = 06A921901E7D561E001BDFF2 /* FeedViewController.swift */; };
		06A921961E7D59DD001BDFF2 /* Assets.xcassets in Resources */ = {isa = PBXBuildFile; fileRef = 06A921931E7D59DD001BDFF2 /* Assets.xcassets */; };
		06A921981E7D59DD001BDFF2 /* Info.plist in Resources */ = {isa = PBXBuildFile; fileRef = 06A921951E7D59DD001BDFF2 /* Info.plist */; };
		06A921A11E7D5C67001BDFF2 /* Alamofire.framework in Frameworks */ = {isa = PBXBuildFile; fileRef = 06A9219B1E7D5C67001BDFF2 /* Alamofire.framework */; };
		06A921A21E7D5C67001BDFF2 /* AlamofireImage.framework in Frameworks */ = {isa = PBXBuildFile; fileRef = 06A9219C1E7D5C67001BDFF2 /* AlamofireImage.framework */; };
		06A921A31E7D5C67001BDFF2 /* RxCocoa.framework in Frameworks */ = {isa = PBXBuildFile; fileRef = 06A9219D1E7D5C67001BDFF2 /* RxCocoa.framework */; };
		06A921A41E7D5C67001BDFF2 /* RxDataSources.framework in Frameworks */ = {isa = PBXBuildFile; fileRef = 06A9219E1E7D5C67001BDFF2 /* RxDataSources.framework */; };
		06A921A51E7D5C67001BDFF2 /* RxSwift.framework in Frameworks */ = {isa = PBXBuildFile; fileRef = 06A9219F1E7D5C67001BDFF2 /* RxSwift.framework */; };
		06A921A61E7D5C67001BDFF2 /* SnapKit.framework in Frameworks */ = {isa = PBXBuildFile; fileRef = 06A921A01E7D5C67001BDFF2 /* SnapKit.framework */; };
		06A921A91E7D616E001BDFF2 /* Serialization.swift in Sources */ = {isa = PBXBuildFile; fileRef = 06A921A81E7D616E001BDFF2 /* Serialization.swift */; };
		06A921AB1E7D62CA001BDFF2 /* API.swift in Sources */ = {isa = PBXBuildFile; fileRef = 06A921AA1E7D62CA001BDFF2 /* API.swift */; };
		06A921AD1E7D630D001BDFF2 /* Router.swift in Sources */ = {isa = PBXBuildFile; fileRef = 06A921AC1E7D630D001BDFF2 /* Router.swift */; };
		06A921AF1E7D6363001BDFF2 /* EndpointSampleStringConvertable.swift in Sources */ = {isa = PBXBuildFile; fileRef = 06A921AE1E7D6363001BDFF2 /* EndpointSampleStringConvertable.swift */; };
		06A921B21E7D63A3001BDFF2 /* Photo.swift in Sources */ = {isa = PBXBuildFile; fileRef = 06A921B11E7D63A3001BDFF2 /* Photo.swift */; };
		06A921B51E7D7596001BDFF2 /* FeedTableViewCellFactory.swift in Sources */ = {isa = PBXBuildFile; fileRef = 06A921B41E7D7596001BDFF2 /* FeedTableViewCellFactory.swift */; };
		06A921B81E7D77F0001BDFF2 /* FeedViewModel.swift in Sources */ = {isa = PBXBuildFile; fileRef = 06A921B71E7D77F0001BDFF2 /* FeedViewModel.swift */; };
		06A921BA1E7D7E86001BDFF2 /* FeedTableViewCell.swift in Sources */ = {isa = PBXBuildFile; fileRef = 06A921B91E7D7E86001BDFF2 /* FeedTableViewCell.swift */; };
		06A921BC1E7D8779001BDFF2 /* PhotoViewController.swift in Sources */ = {isa = PBXBuildFile; fileRef = 06A921BB1E7D8779001BDFF2 /* PhotoViewController.swift */; };
		06A921C31E7D89EF001BDFF2 /* FBSnapshotTestCase.framework in Frameworks */ = {isa = PBXBuildFile; fileRef = 06A921BF1E7D89EF001BDFF2 /* FBSnapshotTestCase.framework */; };
		06A921C41E7D89EF001BDFF2 /* Nimble.framework in Frameworks */ = {isa = PBXBuildFile; fileRef = 06A921C01E7D89EF001BDFF2 /* Nimble.framework */; };
		06A921C51E7D89EF001BDFF2 /* OHHTTPStubs.framework in Frameworks */ = {isa = PBXBuildFile; fileRef = 06A921C11E7D89EF001BDFF2 /* OHHTTPStubs.framework */; };
		06A921C61E7D89EF001BDFF2 /* Quick.framework in Frameworks */ = {isa = PBXBuildFile; fileRef = 06A921C21E7D89EF001BDFF2 /* Quick.framework */; };
		06A921C91E7D8A5E001BDFF2 /* ShallowFeedViewModelSpec.swift in Sources */ = {isa = PBXBuildFile; fileRef = 06A921C81E7D8A5E001BDFF2 /* ShallowFeedViewModelSpec.swift */; };
		06A921CF1E7DAF93001BDFF2 /* FeedTableViewCellSnapshotTests.swift in Sources */ = {isa = PBXBuildFile; fileRef = 06A921CE1E7DAF93001BDFF2 /* FeedTableViewCellSnapshotTests.swift */; };
		06A921D81E7DB0C4001BDFF2 /* photos.json in Resources */ = {isa = PBXBuildFile; fileRef = 06A921D71E7DB0C4001BDFF2 /* photos.json */; };
		06A921DA1E7DB0D6001BDFF2 /* theowl.png in Resources */ = {isa = PBXBuildFile; fileRef = 06A921D91E7DB0D6001BDFF2 /* theowl.png */; };
		06BA8EC91E7EE410006E4B6D /* UIImageView+Network.swift in Sources */ = {isa = PBXBuildFile; fileRef = 06BA8EC81E7EE410006E4B6D /* UIImageView+Network.swift */; };
		06BA8ECB1E7EFA51006E4B6D /* UIColor+ImageGram.swift in Sources */ = {isa = PBXBuildFile; fileRef = 06BA8ECA1E7EFA51006E4B6D /* UIColor+ImageGram.swift */; };
		06BA8ED21E7EFFA5006E4B6D /* Raleway-ExtraLight.otf in Resources */ = {isa = PBXBuildFile; fileRef = 06BA8ECE1E7EFFA5006E4B6D /* Raleway-ExtraLight.otf */; };
		06BA8ED31E7EFFA5006E4B6D /* Raleway-Heavy.otf in Resources */ = {isa = PBXBuildFile; fileRef = 06BA8ECF1E7EFFA5006E4B6D /* Raleway-Heavy.otf */; };
		06BA8ED41E7EFFA5006E4B6D /* Raleway-Medium.otf in Resources */ = {isa = PBXBuildFile; fileRef = 06BA8ED01E7EFFA5006E4B6D /* Raleway-Medium.otf */; };
		06BA8ED51E7EFFA5006E4B6D /* Raleway-Thin.otf in Resources */ = {isa = PBXBuildFile; fileRef = 06BA8ED11E7EFFA5006E4B6D /* Raleway-Thin.otf */; };
		06BA8ED71E7EFFE4006E4B6D /* UIFont+ImageGram.swift in Sources */ = {isa = PBXBuildFile; fileRef = 06BA8ED61E7EFFE4006E4B6D /* UIFont+ImageGram.swift */; };
		06BD4EEF1E7EDC9000CDD2D2 /* DeepFeedViewModelSpec.swift in Sources */ = {isa = PBXBuildFile; fileRef = 06BD4EEE1E7EDC9000CDD2D2 /* DeepFeedViewModelSpec.swift */; };
		06BD4EF11E7EDCC300CDD2D2 /* TestHelper.swift in Sources */ = {isa = PBXBuildFile; fileRef = 06BD4EF01E7EDCC300CDD2D2 /* TestHelper.swift */; };
/* End PBXBuildFile section */

/* Begin PBXContainerItemProxy section */
		06A921811E7D538E001BDFF2 /* PBXContainerItemProxy */ = {
			isa = PBXContainerItemProxy;
			containerPortal = 06A921641E7D538D001BDFF2 /* Project object */;
			proxyType = 1;
			remoteGlobalIDString = 06A9216B1E7D538D001BDFF2;
			remoteInfo = ImageGram;
		};
/* End PBXContainerItemProxy section */

/* Begin PBXFileReference section */
		06A9216C1E7D538E001BDFF2 /* ImageGram.app */ = {isa = PBXFileReference; explicitFileType = wrapper.application; includeInIndex = 0; path = ImageGram.app; sourceTree = BUILT_PRODUCTS_DIR; };
		06A9216F1E7D538E001BDFF2 /* AppDelegate.swift */ = {isa = PBXFileReference; lastKnownFileType = sourcecode.swift; path = AppDelegate.swift; sourceTree = "<group>"; };
		06A921801E7D538E001BDFF2 /* ImageGramTests.xctest */ = {isa = PBXFileReference; explicitFileType = wrapper.cfbundle; includeInIndex = 0; path = ImageGramTests.xctest; sourceTree = BUILT_PRODUCTS_DIR; };
		06A921861E7D538E001BDFF2 /* Info.plist */ = {isa = PBXFileReference; lastKnownFileType = text.plist.xml; path = Info.plist; sourceTree = "<group>"; };
		06A921901E7D561E001BDFF2 /* FeedViewController.swift */ = {isa = PBXFileReference; fileEncoding = 4; lastKnownFileType = sourcecode.swift; name = FeedViewController.swift; path = ViewController/FeedViewController.swift; sourceTree = "<group>"; };
		06A921931E7D59DD001BDFF2 /* Assets.xcassets */ = {isa = PBXFileReference; lastKnownFileType = folder.assetcatalog; name = Assets.xcassets; path = "Other Files/Assets.xcassets"; sourceTree = "<group>"; };
		06A921951E7D59DD001BDFF2 /* Info.plist */ = {isa = PBXFileReference; fileEncoding = 4; lastKnownFileType = text.plist.xml; name = Info.plist; path = "Other Files/Info.plist"; sourceTree = "<group>"; };
		06A9219B1E7D5C67001BDFF2 /* Alamofire.framework */ = {isa = PBXFileReference; lastKnownFileType = wrapper.framework; name = Alamofire.framework; path = Carthage/Build/iOS/Alamofire.framework; sourceTree = SOURCE_ROOT; };
		06A9219C1E7D5C67001BDFF2 /* AlamofireImage.framework */ = {isa = PBXFileReference; lastKnownFileType = wrapper.framework; name = AlamofireImage.framework; path = Carthage/Build/iOS/AlamofireImage.framework; sourceTree = SOURCE_ROOT; };
		06A9219D1E7D5C67001BDFF2 /* RxCocoa.framework */ = {isa = PBXFileReference; lastKnownFileType = wrapper.framework; name = RxCocoa.framework; path = Carthage/Build/iOS/RxCocoa.framework; sourceTree = SOURCE_ROOT; };
		06A9219E1E7D5C67001BDFF2 /* RxDataSources.framework */ = {isa = PBXFileReference; lastKnownFileType = wrapper.framework; name = RxDataSources.framework; path = Carthage/Build/iOS/RxDataSources.framework; sourceTree = SOURCE_ROOT; };
		06A9219F1E7D5C67001BDFF2 /* RxSwift.framework */ = {isa = PBXFileReference; lastKnownFileType = wrapper.framework; name = RxSwift.framework; path = Carthage/Build/iOS/RxSwift.framework; sourceTree = SOURCE_ROOT; };
		06A921A01E7D5C67001BDFF2 /* SnapKit.framework */ = {isa = PBXFileReference; lastKnownFileType = wrapper.framework; name = SnapKit.framework; path = Carthage/Build/iOS/SnapKit.framework; sourceTree = SOURCE_ROOT; };
		06A921A81E7D616E001BDFF2 /* Serialization.swift */ = {isa = PBXFileReference; fileEncoding = 4; lastKnownFileType = sourcecode.swift; name = Serialization.swift; path = Network/Serialization.swift; sourceTree = "<group>"; };
		06A921AA1E7D62CA001BDFF2 /* API.swift */ = {isa = PBXFileReference; fileEncoding = 4; lastKnownFileType = sourcecode.swift; name = API.swift; path = Network/API.swift; sourceTree = "<group>"; };
		06A921AC1E7D630D001BDFF2 /* Router.swift */ = {isa = PBXFileReference; fileEncoding = 4; lastKnownFileType = sourcecode.swift; name = Router.swift; path = Network/Router.swift; sourceTree = "<group>"; };
		06A921AE1E7D6363001BDFF2 /* EndpointSampleStringConvertable.swift */ = {isa = PBXFileReference; fileEncoding = 4; lastKnownFileType = sourcecode.swift; name = EndpointSampleStringConvertable.swift; path = Network/EndpointSampleStringConvertable.swift; sourceTree = "<group>"; };
		06A921B11E7D63A3001BDFF2 /* Photo.swift */ = {isa = PBXFileReference; fileEncoding = 4; lastKnownFileType = sourcecode.swift; name = Photo.swift; path = Model/Photo.swift; sourceTree = "<group>"; };
		06A921B41E7D7596001BDFF2 /* FeedTableViewCellFactory.swift */ = {isa = PBXFileReference; fileEncoding = 4; lastKnownFileType = sourcecode.swift; name = FeedTableViewCellFactory.swift; path = View/FeedTableViewCellFactory.swift; sourceTree = "<group>"; };
		06A921B71E7D77F0001BDFF2 /* FeedViewModel.swift */ = {isa = PBXFileReference; fileEncoding = 4; lastKnownFileType = sourcecode.swift; name = FeedViewModel.swift; path = ViewModel/FeedViewModel.swift; sourceTree = "<group>"; };
		06A921B91E7D7E86001BDFF2 /* FeedTableViewCell.swift */ = {isa = PBXFileReference; fileEncoding = 4; lastKnownFileType = sourcecode.swift; name = FeedTableViewCell.swift; path = View/FeedTableViewCell.swift; sourceTree = "<group>"; };
		06A921BB1E7D8779001BDFF2 /* PhotoViewController.swift */ = {isa = PBXFileReference; fileEncoding = 4; lastKnownFileType = sourcecode.swift; name = PhotoViewController.swift; path = ViewController/PhotoViewController.swift; sourceTree = "<group>"; };
		06A921BF1E7D89EF001BDFF2 /* FBSnapshotTestCase.framework */ = {isa = PBXFileReference; lastKnownFileType = wrapper.framework; name = FBSnapshotTestCase.framework; path = Carthage/Build/iOS/FBSnapshotTestCase.framework; sourceTree = SOURCE_ROOT; };
		06A921C01E7D89EF001BDFF2 /* Nimble.framework */ = {isa = PBXFileReference; lastKnownFileType = wrapper.framework; name = Nimble.framework; path = Carthage/Build/iOS/Nimble.framework; sourceTree = SOURCE_ROOT; };
		06A921C11E7D89EF001BDFF2 /* OHHTTPStubs.framework */ = {isa = PBXFileReference; lastKnownFileType = wrapper.framework; name = OHHTTPStubs.framework; path = Carthage/Build/iOS/OHHTTPStubs.framework; sourceTree = SOURCE_ROOT; };
		06A921C21E7D89EF001BDFF2 /* Quick.framework */ = {isa = PBXFileReference; lastKnownFileType = wrapper.framework; name = Quick.framework; path = Carthage/Build/iOS/Quick.framework; sourceTree = SOURCE_ROOT; };
		06A921C81E7D8A5E001BDFF2 /* ShallowFeedViewModelSpec.swift */ = {isa = PBXFileReference; fileEncoding = 4; lastKnownFileType = sourcecode.swift; name = ShallowFeedViewModelSpec.swift; path = Spec/ShallowFeedViewModelSpec.swift; sourceTree = "<group>"; };
		06A921CE1E7DAF93001BDFF2 /* FeedTableViewCellSnapshotTests.swift */ = {isa = PBXFileReference; fileEncoding = 4; lastKnownFileType = sourcecode.swift; name = FeedTableViewCellSnapshotTests.swift; path = SnapshotTests/FeedTableViewCellSnapshotTests.swift; sourceTree = "<group>"; };
		06A921D71E7DB0C4001BDFF2 /* photos.json */ = {isa = PBXFileReference; fileEncoding = 4; lastKnownFileType = text.json; name = photos.json; path = Resources/Stub/photos.json; sourceTree = "<group>"; };
		06A921D91E7DB0D6001BDFF2 /* theowl.png */ = {isa = PBXFileReference; lastKnownFileType = image.png; name = theowl.png; path = Resources/Image/theowl.png; sourceTree = "<group>"; };
		06BA8EC81E7EE410006E4B6D /* UIImageView+Network.swift */ = {isa = PBXFileReference; fileEncoding = 4; lastKnownFileType = sourcecode.swift; name = "UIImageView+Network.swift"; path = "Extension/UIImageView+Network.swift"; sourceTree = "<group>"; };
		06BA8ECA1E7EFA51006E4B6D /* UIColor+ImageGram.swift */ = {isa = PBXFileReference; fileEncoding = 4; lastKnownFileType = sourcecode.swift; name = "UIColor+ImageGram.swift"; path = "Extension/UIColor+ImageGram.swift"; sourceTree = "<group>"; };
		06BA8ECE1E7EFFA5006E4B6D /* Raleway-ExtraLight.otf */ = {isa = PBXFileReference; lastKnownFileType = file; name = "Raleway-ExtraLight.otf"; path = "Resources/Fonts/Raleway-ExtraLight.otf"; sourceTree = "<group>"; };
		06BA8ECF1E7EFFA5006E4B6D /* Raleway-Heavy.otf */ = {isa = PBXFileReference; lastKnownFileType = file; name = "Raleway-Heavy.otf"; path = "Resources/Fonts/Raleway-Heavy.otf"; sourceTree = "<group>"; };
		06BA8ED01E7EFFA5006E4B6D /* Raleway-Medium.otf */ = {isa = PBXFileReference; lastKnownFileType = file; name = "Raleway-Medium.otf"; path = "Resources/Fonts/Raleway-Medium.otf"; sourceTree = "<group>"; };
		06BA8ED11E7EFFA5006E4B6D /* Raleway-Thin.otf */ = {isa = PBXFileReference; lastKnownFileType = file; name = "Raleway-Thin.otf"; path = "Resources/Fonts/Raleway-Thin.otf"; sourceTree = "<group>"; };
		06BA8ED61E7EFFE4006E4B6D /* UIFont+ImageGram.swift */ = {isa = PBXFileReference; fileEncoding = 4; lastKnownFileType = sourcecode.swift; name = "UIFont+ImageGram.swift"; path = "Extension/UIFont+ImageGram.swift"; sourceTree = "<group>"; };
		06BD4EEE1E7EDC9000CDD2D2 /* DeepFeedViewModelSpec.swift */ = {isa = PBXFileReference; fileEncoding = 4; lastKnownFileType = sourcecode.swift; name = DeepFeedViewModelSpec.swift; path = Spec/DeepFeedViewModelSpec.swift; sourceTree = "<group>"; };
		06BD4EF01E7EDCC300CDD2D2 /* TestHelper.swift */ = {isa = PBXFileReference; fileEncoding = 4; lastKnownFileType = sourcecode.swift; name = TestHelper.swift; path = Spec/TestHelper.swift; sourceTree = "<group>"; };
/* End PBXFileReference section */

/* Begin PBXFrameworksBuildPhase section */
		06A921691E7D538D001BDFF2 /* Frameworks */ = {
			isa = PBXFrameworksBuildPhase;
			buildActionMask = 2147483647;
			files = (
				06A921A51E7D5C67001BDFF2 /* RxSwift.framework in Frameworks */,
				06A921A31E7D5C67001BDFF2 /* RxCocoa.framework in Frameworks */,
				06A921A11E7D5C67001BDFF2 /* Alamofire.framework in Frameworks */,
				06A921A61E7D5C67001BDFF2 /* SnapKit.framework in Frameworks */,
				06A921A21E7D5C67001BDFF2 /* AlamofireImage.framework in Frameworks */,
				06A921A41E7D5C67001BDFF2 /* RxDataSources.framework in Frameworks */,
			);
			runOnlyForDeploymentPostprocessing = 0;
		};
		06A9217D1E7D538E001BDFF2 /* Frameworks */ = {
			isa = PBXFrameworksBuildPhase;
			buildActionMask = 2147483647;
			files = (
				06A921C61E7D89EF001BDFF2 /* Quick.framework in Frameworks */,
				06A921C51E7D89EF001BDFF2 /* OHHTTPStubs.framework in Frameworks */,
				06A921C31E7D89EF001BDFF2 /* FBSnapshotTestCase.framework in Frameworks */,
				06A921C41E7D89EF001BDFF2 /* Nimble.framework in Frameworks */,
			);
			runOnlyForDeploymentPostprocessing = 0;
		};
/* End PBXFrameworksBuildPhase section */

/* Begin PBXGroup section */
		06A921631E7D538D001BDFF2 = {
			isa = PBXGroup;
			children = (
				06A9216E1E7D538E001BDFF2 /* ImageGram */,
				06A921831E7D538E001BDFF2 /* ImageGramTests */,
				06A9216D1E7D538E001BDFF2 /* Products */,
			);
			sourceTree = "<group>";
		};
		06A9216D1E7D538E001BDFF2 /* Products */ = {
			isa = PBXGroup;
			children = (
				06A9216C1E7D538E001BDFF2 /* ImageGram.app */,
				06A921801E7D538E001BDFF2 /* ImageGramTests.xctest */,
			);
			name = Products;
			sourceTree = "<group>";
		};
		06A9216E1E7D538E001BDFF2 /* ImageGram */ = {
			isa = PBXGroup;
			children = (
				06A9216F1E7D538E001BDFF2 /* AppDelegate.swift */,
				06BA8EC71E7EE3BE006E4B6D /* Extension */,
				06A921991E7D5A69001BDFF2 /* Frameworks */,
				06A921B01E7D638E001BDFF2 /* Model */,
				06A921A71E7D6141001BDFF2 /* Network */,
				06A921921E7D5867001BDFF2 /* Other Files */,
				06BA8ECC1E7EFF71006E4B6D /* Resources */,
				06A921B31E7D7568001BDFF2 /* View */,
				06A9218F1E7D55EA001BDFF2 /* ViewController */,
				06A921B61E7D77CF001BDFF2 /* ViewModel */,
			);
			path = ImageGram;
			sourceTree = "<group>";
		};
		06A921831E7D538E001BDFF2 /* ImageGramTests */ = {
			isa = PBXGroup;
			children = (
				06A921861E7D538E001BDFF2 /* Info.plist */,
				06A921BE1E7D89D8001BDFF2 /* Frameworks */,
				06A921D01E7DB045001BDFF2 /* Resources */,
				06A921CD1E7DAF40001BDFF2 /* SnapshotTests */,
				06A921C71E7D8A38001BDFF2 /* Spec */,
			);
			path = ImageGramTests;
			sourceTree = "<group>";
		};
		06A9218F1E7D55EA001BDFF2 /* ViewController */ = {
			isa = PBXGroup;
			children = (
				06A921901E7D561E001BDFF2 /* FeedViewController.swift */,
				06A921BB1E7D8779001BDFF2 /* PhotoViewController.swift */,
			);
			name = ViewController;
			sourceTree = "<group>";
		};
		06A921921E7D5867001BDFF2 /* Other Files */ = {
			isa = PBXGroup;
			children = (
				06A921931E7D59DD001BDFF2 /* Assets.xcassets */,
				06A921951E7D59DD001BDFF2 /* Info.plist */,
			);
			name = "Other Files";
			sourceTree = "<group>";
		};
		06A921991E7D5A69001BDFF2 /* Frameworks */ = {
			isa = PBXGroup;
			children = (
				06A9219B1E7D5C67001BDFF2 /* Alamofire.framework */,
				06A9219C1E7D5C67001BDFF2 /* AlamofireImage.framework */,
				06A9219D1E7D5C67001BDFF2 /* RxCocoa.framework */,
				06A9219E1E7D5C67001BDFF2 /* RxDataSources.framework */,
				06A9219F1E7D5C67001BDFF2 /* RxSwift.framework */,
				06A921A01E7D5C67001BDFF2 /* SnapKit.framework */,
			);
			name = Frameworks;
			sourceTree = "<group>";
		};
		06A921A71E7D6141001BDFF2 /* Network */ = {
			isa = PBXGroup;
			children = (
				06A921AA1E7D62CA001BDFF2 /* API.swift */,
				06A921AE1E7D6363001BDFF2 /* EndpointSampleStringConvertable.swift */,
				06A921AC1E7D630D001BDFF2 /* Router.swift */,
				06A921A81E7D616E001BDFF2 /* Serialization.swift */,
			);
			name = Network;
			sourceTree = "<group>";
		};
		06A921B01E7D638E001BDFF2 /* Model */ = {
			isa = PBXGroup;
			children = (
				06A921B11E7D63A3001BDFF2 /* Photo.swift */,
			);
			name = Model;
			sourceTree = "<group>";
		};
		06A921B31E7D7568001BDFF2 /* View */ = {
			isa = PBXGroup;
			children = (
				06A921B91E7D7E86001BDFF2 /* FeedTableViewCell.swift */,
				06A921B41E7D7596001BDFF2 /* FeedTableViewCellFactory.swift */,
			);
			name = View;
			sourceTree = "<group>";
		};
		06A921B61E7D77CF001BDFF2 /* ViewModel */ = {
			isa = PBXGroup;
			children = (
				06A921B71E7D77F0001BDFF2 /* FeedViewModel.swift */,
			);
			name = ViewModel;
			sourceTree = "<group>";
		};
		06A921BE1E7D89D8001BDFF2 /* Frameworks */ = {
			isa = PBXGroup;
			children = (
				06A921BF1E7D89EF001BDFF2 /* FBSnapshotTestCase.framework */,
				06A921C01E7D89EF001BDFF2 /* Nimble.framework */,
				06A921C11E7D89EF001BDFF2 /* OHHTTPStubs.framework */,
				06A921C21E7D89EF001BDFF2 /* Quick.framework */,
			);
			name = Frameworks;
			sourceTree = "<group>";
		};
		06A921C71E7D8A38001BDFF2 /* Spec */ = {
			isa = PBXGroup;
			children = (
				06BD4EEE1E7EDC9000CDD2D2 /* DeepFeedViewModelSpec.swift */,
				06A921C81E7D8A5E001BDFF2 /* ShallowFeedViewModelSpec.swift */,
				06BD4EF01E7EDCC300CDD2D2 /* TestHelper.swift */,
			);
			name = Spec;
			sourceTree = "<group>";
		};
		06A921CD1E7DAF40001BDFF2 /* SnapshotTests */ = {
			isa = PBXGroup;
			children = (
				06A921CE1E7DAF93001BDFF2 /* FeedTableViewCellSnapshotTests.swift */,
			);
			name = SnapshotTests;
			sourceTree = "<group>";
		};
		06A921D01E7DB045001BDFF2 /* Resources */ = {
			isa = PBXGroup;
			children = (
				06A921D31E7DB075001BDFF2 /* Image */,
				06A921D61E7DB0B8001BDFF2 /* Stub */,
			);
			name = Resources;
			sourceTree = "<group>";
		};
		06A921D31E7DB075001BDFF2 /* Image */ = {
			isa = PBXGroup;
			children = (
				06A921D91E7DB0D6001BDFF2 /* theowl.png */,
			);
			name = Image;
			sourceTree = "<group>";
		};
		06A921D61E7DB0B8001BDFF2 /* Stub */ = {
			isa = PBXGroup;
			children = (
				06A921D71E7DB0C4001BDFF2 /* photos.json */,
			);
			name = Stub;
			sourceTree = "<group>";
		};
		06BA8EC71E7EE3BE006E4B6D /* Extension */ = {
			isa = PBXGroup;
			children = (
				06BA8ECA1E7EFA51006E4B6D /* UIColor+ImageGram.swift */,
				06BA8ED61E7EFFE4006E4B6D /* UIFont+ImageGram.swift */,
				06BA8EC81E7EE410006E4B6D /* UIImageView+Network.swift */,
			);
			name = Extension;
			sourceTree = "<group>";
		};
		06BA8ECC1E7EFF71006E4B6D /* Resources */ = {
			isa = PBXGroup;
			children = (
				06BA8ECD1E7EFF8E006E4B6D /* Fonts */,
			);
			name = Resources;
			sourceTree = "<group>";
		};
		06BA8ECD1E7EFF8E006E4B6D /* Fonts */ = {
			isa = PBXGroup;
			children = (
				06BA8ECE1E7EFFA5006E4B6D /* Raleway-ExtraLight.otf */,
				06BA8ECF1E7EFFA5006E4B6D /* Raleway-Heavy.otf */,
				06BA8ED01E7EFFA5006E4B6D /* Raleway-Medium.otf */,
				06BA8ED11E7EFFA5006E4B6D /* Raleway-Thin.otf */,
			);
			name = Fonts;
			sourceTree = "<group>";
		};
/* End PBXGroup section */

/* Begin PBXNativeTarget section */
		06A9216B1E7D538D001BDFF2 /* ImageGram */ = {
			isa = PBXNativeTarget;
			buildConfigurationList = 06A921891E7D538E001BDFF2 /* Build configuration list for PBXNativeTarget "ImageGram" */;
			buildPhases = (
				06A921681E7D538D001BDFF2 /* Sources */,
				06A921691E7D538D001BDFF2 /* Frameworks */,
				06A9216A1E7D538D001BDFF2 /* Resources */,
				06A9219A1E7D5A7F001BDFF2 /* Carthage */,
			);
			buildRules = (
			);
			dependencies = (
			);
			name = ImageGram;
			productName = ImageGram;
			productReference = 06A9216C1E7D538E001BDFF2 /* ImageGram.app */;
			productType = "com.apple.product-type.application";
		};
		06A9217F1E7D538E001BDFF2 /* ImageGramTests */ = {
			isa = PBXNativeTarget;
			buildConfigurationList = 06A9218C1E7D538E001BDFF2 /* Build configuration list for PBXNativeTarget "ImageGramTests" */;
			buildPhases = (
				06A9217C1E7D538E001BDFF2 /* Sources */,
				06A9217D1E7D538E001BDFF2 /* Frameworks */,
				06A9217E1E7D538E001BDFF2 /* Resources */,
				06A921BD1E7D893C001BDFF2 /* Carthage */,
			);
			buildRules = (
			);
			dependencies = (
				06A921821E7D538E001BDFF2 /* PBXTargetDependency */,
			);
			name = ImageGramTests;
			productName = ImageGramTests;
			productReference = 06A921801E7D538E001BDFF2 /* ImageGramTests.xctest */;
			productType = "com.apple.product-type.bundle.unit-test";
		};
/* End PBXNativeTarget section */

/* Begin PBXProject section */
		06A921641E7D538D001BDFF2 /* Project object */ = {
			isa = PBXProject;
			attributes = {
				LastSwiftUpdateCheck = 0810;
				LastUpgradeCheck = 0810;
				ORGANIZATIONNAME = theowl;
				TargetAttributes = {
					06A9216B1E7D538D001BDFF2 = {
						CreatedOnToolsVersion = 8.1;
						DevelopmentTeam = GGW8P5ZF85;
						ProvisioningStyle = Automatic;
					};
					06A9217F1E7D538E001BDFF2 = {
						CreatedOnToolsVersion = 8.1;
						DevelopmentTeam = GGW8P5ZF85;
						ProvisioningStyle = Automatic;
						TestTargetID = 06A9216B1E7D538D001BDFF2;
					};
				};
			};
			buildConfigurationList = 06A921671E7D538D001BDFF2 /* Build configuration list for PBXProject "ImageGram" */;
			compatibilityVersion = "Xcode 3.2";
			developmentRegion = English;
			hasScannedForEncodings = 0;
			knownRegions = (
				en,
				Base,
			);
			mainGroup = 06A921631E7D538D001BDFF2;
			productRefGroup = 06A9216D1E7D538E001BDFF2 /* Products */;
			projectDirPath = "";
			projectRoot = "";
			targets = (
				06A9216B1E7D538D001BDFF2 /* ImageGram */,
				06A9217F1E7D538E001BDFF2 /* ImageGramTests */,
			);
		};
/* End PBXProject section */

/* Begin PBXResourcesBuildPhase section */
		06A9216A1E7D538D001BDFF2 /* Resources */ = {
			isa = PBXResourcesBuildPhase;
			buildActionMask = 2147483647;
			files = (
				06A921961E7D59DD001BDFF2 /* Assets.xcassets in Resources */,
				06BA8ED21E7EFFA5006E4B6D /* Raleway-ExtraLight.otf in Resources */,
				06BA8ED51E7EFFA5006E4B6D /* Raleway-Thin.otf in Resources */,
				06BA8ED41E7EFFA5006E4B6D /* Raleway-Medium.otf in Resources */,
				06A921981E7D59DD001BDFF2 /* Info.plist in Resources */,
				06BA8ED31E7EFFA5006E4B6D /* Raleway-Heavy.otf in Resources */,
			);
			runOnlyForDeploymentPostprocessing = 0;
		};
		06A9217E1E7D538E001BDFF2 /* Resources */ = {
			isa = PBXResourcesBuildPhase;
			buildActionMask = 2147483647;
			files = (
				06A921DA1E7DB0D6001BDFF2 /* theowl.png in Resources */,
				06A921D81E7DB0C4001BDFF2 /* photos.json in Resources */,
			);
			runOnlyForDeploymentPostprocessing = 0;
		};
/* End PBXResourcesBuildPhase section */

/* Begin PBXShellScriptBuildPhase section */
		06A9219A1E7D5A7F001BDFF2 /* Carthage */ = {
			isa = PBXShellScriptBuildPhase;
			buildActionMask = 2147483647;
			files = (
			);
			inputPaths = (
				"$(SRCROOT)/Carthage/Build/iOS/RxSwift.framework",
				"$(SRCROOT)/Carthage/Build/iOS/RxDataSources.framework",
				"$(SRCROOT)/Carthage/Build/iOS/SnapKit.framework",
				"$(SRCROOT)/Carthage/Build/iOS/Alamofire.framework",
				"$(SRCROOT)/Carthage/Build/iOS/AlamofireImage.framework",
				"$(SRCROOT)/Carthage/Build/iOS/RxCocoa.framework",
			);
			name = Carthage;
			outputPaths = (
			);
			runOnlyForDeploymentPostprocessing = 0;
			shellPath = /bin/sh;
			shellScript = "/usr/local/bin/carthage copy-frameworks";
		};
		06A921BD1E7D893C001BDFF2 /* Carthage */ = {
			isa = PBXShellScriptBuildPhase;
			buildActionMask = 2147483647;
			files = (
			);
			inputPaths = (
				"$(SRCROOT)/Carthage/Build/iOS/Nimble.framework",
				"$(SRCROOT)/Carthage/Build/iOS/Quick.framework",
				"$(SRCROOT)/Carthage/Build/iOS/OHHTTPStubs.framework",
				"$(SRCROOT)/Carthage/Build/iOS/FBSnapshotTestCase.framework",
			);
			name = Carthage;
			outputPaths = (
			);
			runOnlyForDeploymentPostprocessing = 0;
			shellPath = /bin/sh;
			shellScript = "/usr/local/bin/carthage copy-frameworks";
		};
/* End PBXShellScriptBuildPhase section */

/* Begin PBXSourcesBuildPhase section */
		06A921681E7D538D001BDFF2 /* Sources */ = {
			isa = PBXSourcesBuildPhase;
			buildActionMask = 2147483647;
			files = (
				06A921B51E7D7596001BDFF2 /* FeedTableViewCellFactory.swift in Sources */,
				06A921B21E7D63A3001BDFF2 /* Photo.swift in Sources */,
				06A921911E7D561E001BDFF2 /* FeedViewController.swift in Sources */,
				06A921AF1E7D6363001BDFF2 /* EndpointSampleStringConvertable.swift in Sources */,
				06A921A91E7D616E001BDFF2 /* Serialization.swift in Sources */,
				06BA8EC91E7EE410006E4B6D /* UIImageView+Network.swift in Sources */,
				06A921AD1E7D630D001BDFF2 /* Router.swift in Sources */,
				06A921AB1E7D62CA001BDFF2 /* API.swift in Sources */,
				06A921701E7D538E001BDFF2 /* AppDelegate.swift in Sources */,
				06A921B81E7D77F0001BDFF2 /* FeedViewModel.swift in Sources */,
				06A921BA1E7D7E86001BDFF2 /* FeedTableViewCell.swift in Sources */,
				06BA8ED71E7EFFE4006E4B6D /* UIFont+ImageGram.swift in Sources */,
				06A921BC1E7D8779001BDFF2 /* PhotoViewController.swift in Sources */,
				06BA8ECB1E7EFA51006E4B6D /* UIColor+ImageGram.swift in Sources */,
			);
			runOnlyForDeploymentPostprocessing = 0;
		};
		06A9217C1E7D538E001BDFF2 /* Sources */ = {
			isa = PBXSourcesBuildPhase;
			buildActionMask = 2147483647;
			files = (
				06BD4EEF1E7EDC9000CDD2D2 /* DeepFeedViewModelSpec.swift in Sources */,
				06A921C91E7D8A5E001BDFF2 /* ShallowFeedViewModelSpec.swift in Sources */,
				06A921CF1E7DAF93001BDFF2 /* FeedTableViewCellSnapshotTests.swift in Sources */,
				06BD4EF11E7EDCC300CDD2D2 /* TestHelper.swift in Sources */,
			);
			runOnlyForDeploymentPostprocessing = 0;
		};
/* End PBXSourcesBuildPhase section */

/* Begin PBXTargetDependency section */
		06A921821E7D538E001BDFF2 /* PBXTargetDependency */ = {
			isa = PBXTargetDependency;
			target = 06A9216B1E7D538D001BDFF2 /* ImageGram */;
			targetProxy = 06A921811E7D538E001BDFF2 /* PBXContainerItemProxy */;
		};
/* End PBXTargetDependency section */

/* Begin XCBuildConfiguration section */
		06A921871E7D538E001BDFF2 /* Debug */ = {
			isa = XCBuildConfiguration;
			buildSettings = {
				ALWAYS_SEARCH_USER_PATHS = NO;
				CLANG_ANALYZER_NONNULL = YES;
				CLANG_CXX_LANGUAGE_STANDARD = "gnu++0x";
				CLANG_CXX_LIBRARY = "libc++";
				CLANG_ENABLE_MODULES = YES;
				CLANG_ENABLE_OBJC_ARC = YES;
				CLANG_WARN_BOOL_CONVERSION = YES;
				CLANG_WARN_CONSTANT_CONVERSION = YES;
				CLANG_WARN_DIRECT_OBJC_ISA_USAGE = YES_ERROR;
				CLANG_WARN_DOCUMENTATION_COMMENTS = YES;
				CLANG_WARN_EMPTY_BODY = YES;
				CLANG_WARN_ENUM_CONVERSION = YES;
				CLANG_WARN_INFINITE_RECURSION = YES;
				CLANG_WARN_INT_CONVERSION = YES;
				CLANG_WARN_OBJC_ROOT_CLASS = YES_ERROR;
				CLANG_WARN_SUSPICIOUS_MOVES = YES;
				CLANG_WARN_UNREACHABLE_CODE = YES;
				CLANG_WARN__DUPLICATE_METHOD_MATCH = YES;
				"CODE_SIGN_IDENTITY[sdk=iphoneos*]" = "iPhone Developer";
				COPY_PHASE_STRIP = NO;
				DEBUG_INFORMATION_FORMAT = dwarf;
				ENABLE_STRICT_OBJC_MSGSEND = YES;
				ENABLE_TESTABILITY = YES;
				GCC_C_LANGUAGE_STANDARD = gnu99;
				GCC_DYNAMIC_NO_PIC = NO;
				GCC_NO_COMMON_BLOCKS = YES;
				GCC_OPTIMIZATION_LEVEL = 0;
				GCC_PREPROCESSOR_DEFINITIONS = (
					"DEBUG=1",
					"$(inherited)",
				);
				GCC_WARN_64_TO_32_BIT_CONVERSION = YES;
				GCC_WARN_ABOUT_RETURN_TYPE = YES_ERROR;
				GCC_WARN_UNDECLARED_SELECTOR = YES;
				GCC_WARN_UNINITIALIZED_AUTOS = YES_AGGRESSIVE;
				GCC_WARN_UNUSED_FUNCTION = YES;
				GCC_WARN_UNUSED_VARIABLE = YES;
				IPHONEOS_DEPLOYMENT_TARGET = 10.1;
				MTL_ENABLE_DEBUG_INFO = YES;
				ONLY_ACTIVE_ARCH = YES;
				SDKROOT = iphoneos;
				SWIFT_ACTIVE_COMPILATION_CONDITIONS = DEBUG;
				SWIFT_OPTIMIZATION_LEVEL = "-Onone";
			};
			name = Debug;
		};
		06A921881E7D538E001BDFF2 /* Release */ = {
			isa = XCBuildConfiguration;
			buildSettings = {
				ALWAYS_SEARCH_USER_PATHS = NO;
				CLANG_ANALYZER_NONNULL = YES;
				CLANG_CXX_LANGUAGE_STANDARD = "gnu++0x";
				CLANG_CXX_LIBRARY = "libc++";
				CLANG_ENABLE_MODULES = YES;
				CLANG_ENABLE_OBJC_ARC = YES;
				CLANG_WARN_BOOL_CONVERSION = YES;
				CLANG_WARN_CONSTANT_CONVERSION = YES;
				CLANG_WARN_DIRECT_OBJC_ISA_USAGE = YES_ERROR;
				CLANG_WARN_DOCUMENTATION_COMMENTS = YES;
				CLANG_WARN_EMPTY_BODY = YES;
				CLANG_WARN_ENUM_CONVERSION = YES;
				CLANG_WARN_INFINITE_RECURSION = YES;
				CLANG_WARN_INT_CONVERSION = YES;
				CLANG_WARN_OBJC_ROOT_CLASS = YES_ERROR;
				CLANG_WARN_SUSPICIOUS_MOVES = YES;
				CLANG_WARN_UNREACHABLE_CODE = YES;
				CLANG_WARN__DUPLICATE_METHOD_MATCH = YES;
				"CODE_SIGN_IDENTITY[sdk=iphoneos*]" = "iPhone Developer";
				COPY_PHASE_STRIP = NO;
				DEBUG_INFORMATION_FORMAT = "dwarf-with-dsym";
				ENABLE_NS_ASSERTIONS = NO;
				ENABLE_STRICT_OBJC_MSGSEND = YES;
				GCC_C_LANGUAGE_STANDARD = gnu99;
				GCC_NO_COMMON_BLOCKS = YES;
				GCC_WARN_64_TO_32_BIT_CONVERSION = YES;
				GCC_WARN_ABOUT_RETURN_TYPE = YES_ERROR;
				GCC_WARN_UNDECLARED_SELECTOR = YES;
				GCC_WARN_UNINITIALIZED_AUTOS = YES_AGGRESSIVE;
				GCC_WARN_UNUSED_FUNCTION = YES;
				GCC_WARN_UNUSED_VARIABLE = YES;
				IPHONEOS_DEPLOYMENT_TARGET = 10.1;
				MTL_ENABLE_DEBUG_INFO = NO;
				SDKROOT = iphoneos;
				SWIFT_OPTIMIZATION_LEVEL = "-Owholemodule";
				VALIDATE_PRODUCT = YES;
			};
			name = Release;
		};
		06A9218A1E7D538E001BDFF2 /* Debug */ = {
			isa = XCBuildConfiguration;
			buildSettings = {
				ASSETCATALOG_COMPILER_APPICON_NAME = AppIcon;
				DEVELOPMENT_TEAM = GGW8P5ZF85;
				FRAMEWORK_SEARCH_PATHS = (
					"$(inherited)",
					"$(PROJECT_DIR)/Carthage/Build/iOS",
				);
				INFOPLIST_FILE = "$(SRCROOT)/ImageGram/Other Files/Info.plist";
				IPHONEOS_DEPLOYMENT_TARGET = 9.3;
				LD_RUNPATH_SEARCH_PATHS = "$(inherited) @executable_path/Frameworks";
				PRODUCT_BUNDLE_IDENTIFIER = ai.theowl.ImageGram;
				PRODUCT_NAME = "$(TARGET_NAME)";
				SWIFT_VERSION = 3.0;
			};
			name = Debug;
		};
		06A9218B1E7D538E001BDFF2 /* Release */ = {
			isa = XCBuildConfiguration;
			buildSettings = {
				ASSETCATALOG_COMPILER_APPICON_NAME = AppIcon;
				DEVELOPMENT_TEAM = GGW8P5ZF85;
				FRAMEWORK_SEARCH_PATHS = (
					"$(inherited)",
					"$(PROJECT_DIR)/Carthage/Build/iOS",
				);
				INFOPLIST_FILE = "$(SRCROOT)/ImageGram/Other Files/Info.plist";
				IPHONEOS_DEPLOYMENT_TARGET = 9.3;
				LD_RUNPATH_SEARCH_PATHS = "$(inherited) @executable_path/Frameworks";
				PRODUCT_BUNDLE_IDENTIFIER = ai.theowl.ImageGram;
				PRODUCT_NAME = "$(TARGET_NAME)";
				SWIFT_VERSION = 3.0;
			};
			name = Release;
		};
		06A9218D1E7D538E001BDFF2 /* Debug */ = {
			isa = XCBuildConfiguration;
			buildSettings = {
				ALWAYS_EMBED_SWIFT_STANDARD_LIBRARIES = YES;
				BUNDLE_LOADER = "$(TEST_HOST)";
				DEVELOPMENT_TEAM = GGW8P5ZF85;
				FRAMEWORK_SEARCH_PATHS = (
					"$(inherited)",
					"$(PROJECT_DIR)/Carthage/Build/iOS",
				);
				INFOPLIST_FILE = ImageGramTests/Info.plist;
				LD_RUNPATH_SEARCH_PATHS = "$(inherited) @executable_path/Frameworks @loader_path/Frameworks";
				PRODUCT_BUNDLE_IDENTIFIER = ai.theowl.ImageGramTests;
				PRODUCT_NAME = "$(TARGET_NAME)";
				SWIFT_VERSION = 3.0;
				TEST_HOST = "$(BUILT_PRODUCTS_DIR)/ImageGram.app/ImageGram";
			};
			name = Debug;
		};
		06A9218E1E7D538E001BDFF2 /* Release */ = {
			isa = XCBuildConfiguration;
			buildSettings = {
				ALWAYS_EMBED_SWIFT_STANDARD_LIBRARIES = YES;
				BUNDLE_LOADER = "$(TEST_HOST)";
				DEVELOPMENT_TEAM = GGW8P5ZF85;
				FRAMEWORK_SEARCH_PATHS = (
					"$(inherited)",
					"$(PROJECT_DIR)/Carthage/Build/iOS",
				);
				INFOPLIST_FILE = ImageGramTests/Info.plist;
				LD_RUNPATH_SEARCH_PATHS = "$(inherited) @executable_path/Frameworks @loader_path/Frameworks";
				PRODUCT_BUNDLE_IDENTIFIER = ai.theowl.ImageGramTests;
				PRODUCT_NAME = "$(TARGET_NAME)";
				SWIFT_VERSION = 3.0;
				TEST_HOST = "$(BUILT_PRODUCTS_DIR)/ImageGram.app/ImageGram";
			};
			name = Release;
		};
/* End XCBuildConfiguration section */

/* Begin XCConfigurationList section */
		06A921671E7D538D001BDFF2 /* Build configuration list for PBXProject "ImageGram" */ = {
			isa = XCConfigurationList;
			buildConfigurations = (
				06A921871E7D538E001BDFF2 /* Debug */,
				06A921881E7D538E001BDFF2 /* Release */,
			);
			defaultConfigurationIsVisible = 0;
			defaultConfigurationName = Release;
		};
		06A921891E7D538E001BDFF2 /* Build configuration list for PBXNativeTarget "ImageGram" */ = {
			isa = XCConfigurationList;
			buildConfigurations = (
				06A9218A1E7D538E001BDFF2 /* Debug */,
				06A9218B1E7D538E001BDFF2 /* Release */,
			);
			defaultConfigurationIsVisible = 0;
			defaultConfigurationName = Release;
		};
		06A9218C1E7D538E001BDFF2 /* Build configuration list for PBXNativeTarget "ImageGramTests" */ = {
			isa = XCConfigurationList;
			buildConfigurations = (
				06A9218D1E7D538E001BDFF2 /* Debug */,
				06A9218E1E7D538E001BDFF2 /* Release */,
			);
			defaultConfigurationIsVisible = 0;
			defaultConfigurationName = Release;
		};
/* End XCConfigurationList section */
	};
	rootObject = 06A921641E7D538D001BDFF2 /* Project object */;
}
